
Microsoft Visual Studio Solution File, Format Version 12.00
# Visual Studio Version 17
VisualStudioVersion = 17.10.34916.146
MinimumVisualStudioVersion = 10.0.40219.1
Project("{FAE04EC0-301F-11D3-BF4B-00C04F79EFBC}") = "TicketPrice Calculator", "TicketPrice Calculator.csproj", "{C6FD9BA7-E879-445D-866B-031E4DA7A965}"
EndProject
Global
	GlobalSection(SolutionConfigurationPlatforms) = preSolution
		Debug|Any CPU = Debug|Any CPU
		Release|Any CPU = Release|Any CPU
	EndGlobalSection
	GlobalSection(ProjectConfigurationPlatforms) = postSolution
		{C6FD9BA7-E879-445D-866B-031E4DA7A965}.Debug|Any CPU.ActiveCfg = Debug|Any CPU
		{C6FD9BA7-E879-445D-866B-031E4DA7A965}.Debug|Any CPU.Build.0 = Debug|Any CPU
		{C6FD9BA7-E879-445D-866B-031E4DA7A965}.Release|Any CPU.ActiveCfg = Release|Any CPU
		{C6FD9BA7-E879-445D-866B-031E4DA7A965}.Release|Any CPU.Build.0 = Release|Any CPU
	EndGlobalSection
	GlobalSection(SolutionProperties) = preSolution
		HideSolutionNode = FALSE
	EndGlobalSection
	GlobalSection(ExtensibilityGlobals) = postSolution
		SolutionGuid = {DDA6C030-0FCE-4D88-BA84-D85C2AB086A7}
	EndGlobalSection
EndGlobal
